
Microsoft Visual Studio Solution File, Format Version 12.00
# Visual Studio Version 17
VisualStudioVersion = 17.11.35303.130
MinimumVisualStudioVersion = 10.0.40219.1
Project("{8BC9CEB8-8B4A-11D0-8D11-00A0C91BC942}") = "Week 06", "Week 6\Week 6.vcxproj", "{1737147F-EE07-4A4A-88C1-B9B39F8336C1}"
EndProject
Project("{8BC9CEB8-8B4A-11D0-8D11-00A0C91BC942}") = "Week 07", "Week 7\Week 7.vcxproj", "{34D9271B-1059-42EC-91AE-EB9D203CE1D1}"
EndProject
Project("{8BC9CEB8-8B4A-11D0-8D11-00A0C91BC942}") = "Week 08", "Week 8\Week 8.vcxproj", "{4492EE6D-537E-4B33-859A-6AFFE81C7F3B}"
EndProject
Project("{8BC9CEB8-8B4A-11D0-8D11-00A0C91BC942}") = "Week 09", "Week 9\Week 9.vcxproj", "{F73D7FD6-EB64-400D-A200-66D4844A9791}"
EndProject
Project("{8BC9CEB8-8B4A-11D0-8D11-00A0C91BC942}") = "Week 10", "Week 10\Week 10.vcxproj", "{A64ACFB5-4C76-4E55-9B35-750D692593F7}"
EndProject
Project("{8BC9CEB8-8B4A-11D0-8D11-00A0C91BC942}") = "Week 11", "Week 11\Week 11.vcxproj", "{636E20E2-2F0C-4735-A17F-854EF03DF725}"
EndProject
Project("{8BC9CEB8-8B4A-11D0-8D11-00A0C91BC942}") = "Week 12", "Week 12\Week 12.vcxproj", "{55BB631D-DBBB-4AB3-8777-7272EA11F26A}"
EndProject
Project("{8BC9CEB8-8B4A-11D0-8D11-00A0C91BC942}") = "Week 13", "Week 13\Week 13.vcxproj", "{4676D7B5-CB2D-4130-8095-CEC396A23352}"
EndProject
Project("{8BC9CEB8-8B4A-11D0-8D11-00A0C91BC942}") = "Week 14", "Week 14\Week 14.vcxproj", "{755D3794-9F4E-4BB8-9065-81C0D2106A9C}"
EndProject
Project("{8BC9CEB8-8B4A-11D0-8D11-00A0C91BC942}") = "Week 15", "Week 15\Week 15.vcxproj", "{B69EB825-FE6F-421E-9B22-AB8227963401}"
EndProject
Global
	GlobalSection(SolutionConfigurationPlatforms) = preSolution
		Debug|x64 = Debug|x64
		Debug|x86 = Debug|x86
		Release|x64 = Release|x64
		Release|x86 = Release|x86
	EndGlobalSection
	GlobalSection(ProjectConfigurationPlatforms) = postSolution
		{1737147F-EE07-4A4A-88C1-B9B39F8336C1}.Debug|x64.ActiveCfg = Debug|x64
		{1737147F-EE07-4A4A-88C1-B9B39F8336C1}.Debug|x64.Build.0 = Debug|x64
		{1737147F-EE07-4A4A-88C1-B9B39F8336C1}.Debug|x86.ActiveCfg = Debug|Win32
		{1737147F-EE07-4A4A-88C1-B9B39F8336C1}.Debug|x86.Build.0 = Debug|Win32
		{1737147F-EE07-4A4A-88C1-B9B39F8336C1}.Release|x64.ActiveCfg = Release|x64
		{1737147F-EE07-4A4A-88C1-B9B39F8336C1}.Release|x64.Build.0 = Release|x64
		{1737147F-EE07-4A4A-88C1-B9B39F8336C1}.Release|x86.ActiveCfg = Release|Win32
		{1737147F-EE07-4A4A-88C1-B9B39F8336C1}.Release|x86.Build.0 = Release|Win32
		{34D9271B-1059-42EC-91AE-EB9D203CE1D1}.Debug|x64.ActiveCfg = Debug|x64
		{34D9271B-1059-42EC-91AE-EB9D203CE1D1}.Debug|x64.Build.0 = Debug|x64
		{34D9271B-1059-42EC-91AE-EB9D203CE1D1}.Debug|x86.ActiveCfg = Debug|Win32
		{34D9271B-1059-42EC-91AE-EB9D203CE1D1}.Debug|x86.Build.0 = Debug|Win32
		{34D9271B-1059-42EC-91AE-EB9D203CE1D1}.Release|x64.ActiveCfg = Release|x64
		{34D9271B-1059-42EC-91AE-EB9D203CE1D1}.Release|x64.Build.0 = Release|x64
		{34D9271B-1059-42EC-91AE-EB9D203CE1D1}.Release|x86.ActiveCfg = Release|Win32
		{34D9271B-1059-42EC-91AE-EB9D203CE1D1}.Release|x86.Build.0 = Release|Win32
		{4492EE6D-537E-4B33-859A-6AFFE81C7F3B}.Debug|x64.ActiveCfg = Debug|x64
		{4492EE6D-537E-4B33-859A-6AFFE81C7F3B}.Debug|x64.Build.0 = Debug|x64
		{4492EE6D-537E-4B33-859A-6AFFE81C7F3B}.Debug|x86.ActiveCfg = Debug|Win32
		{4492EE6D-537E-4B33-859A-6AFFE81C7F3B}.Debug|x86.Build.0 = Debug|Win32
		{4492EE6D-537E-4B33-859A-6AFFE81C7F3B}.Release|x64.ActiveCfg = Release|x64
		{4492EE6D-537E-4B33-859A-6AFFE81C7F3B}.Release|x64.Build.0 = Release|x64
		{4492EE6D-537E-4B33-859A-6AFFE81C7F3B}.Release|x86.ActiveCfg = Release|Win32
		{4492EE6D-537E-4B33-859A-6AFFE81C7F3B}.Release|x86.Build.0 = Release|Win32
		{F73D7FD6-EB64-400D-A200-66D4844A9791}.Debug|x64.ActiveCfg = Debug|x64
		{F73D7FD6-EB64-400D-A200-66D4844A9791}.Debug|x64.Build.0 = Debug|x64
		{F73D7FD6-EB64-400D-A200-66D4844A9791}.Debug|x86.ActiveCfg = Debug|Win32
		{F73D7FD6-EB64-400D-A200-66D4844A9791}.Debug|x86.Build.0 = Debug|Win32
		{F73D7FD6-EB64-400D-A200-66D4844A9791}.Release|x64.ActiveCfg = Release|x64
		{F73D7FD6-EB64-400D-A200-66D4844A9791}.Release|x64.Build.0 = Release|x64
		{F73D7FD6-EB64-400D-A200-66D4844A9791}.Release|x86.ActiveCfg = Release|Win32
		{F73D7FD6-EB64-400D-A200-66D4844A9791}.Release|x86.Build.0 = Release|Win32
		{A64ACFB5-4C76-4E55-9B35-750D692593F7}.Debug|x64.ActiveCfg = Debug|x64
		{A64ACFB5-4C76-4E55-9B35-750D692593F7}.Debug|x64.Build.0 = Debug|x64
		{A64ACFB5-4C76-4E55-9B35-750D692593F7}.Debug|x86.ActiveCfg = Debug|Win32
		{A64ACFB5-4C76-4E55-9B35-750D692593F7}.Debug|x86.Build.0 = Debug|Win32
		{A64ACFB5-4C76-4E55-9B35-750D692593F7}.Release|x64.ActiveCfg = Release|x64
		{A64ACFB5-4C76-4E55-9B35-750D692593F7}.Release|x64.Build.0 = Release|x64
		{A64ACFB5-4C76-4E55-9B35-750D692593F7}.Release|x86.ActiveCfg = Release|Win32
		{A64ACFB5-4C76-4E55-9B35-750D692593F7}.Release|x86.Build.0 = Release|Win32
		{636E20E2-2F0C-4735-A17F-854EF03DF725}.Debug|x64.ActiveCfg = Debug|x64
		{636E20E2-2F0C-4735-A17F-854EF03DF725}.Debug|x64.Build.0 = Debug|x64
		{636E20E2-2F0C-4735-A17F-854EF03DF725}.Debug|x86.ActiveCfg = Debug|Win32
		{636E20E2-2F0C-4735-A17F-854EF03DF725}.Debug|x86.Build.0 = Debug|Win32
		{636E20E2-2F0C-4735-A17F-854EF03DF725}.Release|x64.ActiveCfg = Release|x64
		{636E20E2-2F0C-4735-A17F-854EF03DF725}.Release|x64.Build.0 = Release|x64
		{636E20E2-2F0C-4735-A17F-854EF03DF725}.Release|x86.ActiveCfg = Release|Win32
		{636E20E2-2F0C-4735-A17F-854EF03DF725}.Release|x86.Build.0 = Release|Win32
		{55BB631D-DBBB-4AB3-8777-7272EA11F26A}.Debug|x64.ActiveCfg = Debug|x64
		{55BB631D-DBBB-4AB3-8777-7272EA11F26A}.Debug|x64.Build.0 = Debug|x64
		{55BB631D-DBBB-4AB3-8777-7272EA11F26A}.Debug|x86.ActiveCfg = Debug|Win32
		{55BB631D-DBBB-4AB3-8777-7272EA11F26A}.Debug|x86.Build.0 = Debug|Win32
		{55BB631D-DBBB-4AB3-8777-7272EA11F26A}.Release|x64.ActiveCfg = Release|x64
		{55BB631D-DBBB-4AB3-8777-7272EA11F26A}.Release|x64.Build.0 = Release|x64
		{55BB631D-DBBB-4AB3-8777-7272EA11F26A}.Release|x86.ActiveCfg = Release|Win32
		{55BB631D-DBBB-4AB3-8777-7272EA11F26A}.Release|x86.Build.0 = Release|Win32
		{4676D7B5-CB2D-4130-8095-CEC396A23352}.Debug|x64.ActiveCfg = Debug|x64
		{4676D7B5-CB2D-4130-8095-CEC396A23352}.Debug|x64.Build.0 = Debug|x64
		{4676D7B5-CB2D-4130-8095-CEC396A23352}.Debug|x86.ActiveCfg = Debug|Win32
		{4676D7B5-CB2D-4130-8095-CEC396A23352}.Debug|x86.Build.0 = Debug|Win32
		{4676D7B5-CB2D-4130-8095-CEC396A23352}.Release|x64.ActiveCfg = Release|x64
		{4676D7B5-CB2D-4130-8095-CEC396A23352}.Release|x64.Build.0 = Release|x64
		{4676D7B5-CB2D-4130-8095-CEC396A23352}.Release|x86.ActiveCfg = Release|Win32
		{4676D7B5-CB2D-4130-8095-CEC396A23352}.Release|x86.Build.0 = Release|Win32
		{755D3794-9F4E-4BB8-9065-81C0D2106A9C}.Debug|x64.ActiveCfg = Debug|x64
		{755D3794-9F4E-4BB8-9065-81C0D2106A9C}.Debug|x64.Build.0 = Debug|x64
		{755D3794-9F4E-4BB8-9065-81C0D2106A9C}.Debug|x86.ActiveCfg = Debug|Win32
		{755D3794-9F4E-4BB8-9065-81C0D2106A9C}.Debug|x86.Build.0 = Debug|Win32
		{755D3794-9F4E-4BB8-9065-81C0D2106A9C}.Release|x64.ActiveCfg = Release|x64
		{755D3794-9F4E-4BB8-9065-81C0D2106A9C}.Release|x64.Build.0 = Release|x64
		{755D3794-9F4E-4BB8-9065-81C0D2106A9C}.Release|x86.ActiveCfg = Release|Win32
		{755D3794-9F4E-4BB8-9065-81C0D2106A9C}.Release|x86.Build.0 = Release|Win32
		{B69EB825-FE6F-421E-9B22-AB8227963401}.Debug|x64.ActiveCfg = Debug|x64
		{B69EB825-FE6F-421E-9B22-AB8227963401}.Debug|x64.Build.0 = Debug|x64
		{B69EB825-FE6F-421E-9B22-AB8227963401}.Debug|x86.ActiveCfg = Debug|Win32
		{B69EB825-FE6F-421E-9B22-AB8227963401}.Debug|x86.Build.0 = Debug|Win32
		{B69EB825-FE6F-421E-9B22-AB8227963401}.Release|x64.ActiveCfg = Release|x64
		{B69EB825-FE6F-421E-9B22-AB8227963401}.Release|x64.Build.0 = Release|x64
		{B69EB825-FE6F-421E-9B22-AB8227963401}.Release|x86.ActiveCfg = Release|Win32
		{B69EB825-FE6F-421E-9B22-AB8227963401}.Release|x86.Build.0 = Release|Win32
	EndGlobalSection
	GlobalSection(SolutionProperties) = preSolution
		HideSolutionNode = FALSE
	EndGlobalSection
	GlobalSection(ExtensibilityGlobals) = postSolution
		SolutionGuid = {D72CDD2F-69C8-4717-885C-67614FEF161F}
	EndGlobalSection
EndGlobal
